
Microsoft Visual Studio Solution File, Format Version 12.00
# Visual Studio Version 16
VisualStudioVersion = 16.0.31129.286
MinimumVisualStudioVersion = 10.0.40219.1
Project("{FAE04EC0-301F-11D3-BF4B-00C04F79EFBC}") = "Crawler", "Crawler.csproj", "{ED5A38FE-43DE-4441-B252-EA7383DA395E}"
EndProject
Global
	GlobalSection(SolutionConfigurationPlatforms) = preSolution
		Debug|Any CPU = Debug|Any CPU
		Release|Any CPU = Release|Any CPU
	EndGlobalSection
	GlobalSection(ProjectConfigurationPlatforms) = postSolution
		{ED5A38FE-43DE-4441-B252-EA7383DA395E}.Debug|Any CPU.ActiveCfg = Debug|Any CPU
		{ED5A38FE-43DE-4441-B252-EA7383DA395E}.Debug|Any CPU.Build.0 = Debug|Any CPU
		{ED5A38FE-43DE-4441-B252-EA7383DA395E}.Release|Any CPU.ActiveCfg = Release|Any CPU
		{ED5A38FE-43DE-4441-B252-EA7383DA395E}.Release|Any CPU.Build.0 = Release|Any CPU
	EndGlobalSection
	GlobalSection(SolutionProperties) = preSolution
		HideSolutionNode = FALSE
	EndGlobalSection
	GlobalSection(ExtensibilityGlobals) = postSolution
		SolutionGuid = {2034ABB9-AEFB-47D8-B1F9-2E3704A42851}
	EndGlobalSection
EndGlobal
